// !$*UTF8*$!
{
	archiveVersion = 1;
	classes = {
	};
	objectVersion = 50;
	objects = {

/* Begin PBXBuildFile section */
		C71CD66B266C7ACB0038B9CB /* FruitStore.swift in Sources */ = {isa = PBXBuildFile; fileRef = C71CD66A266C7ACB0038B9CB /* FruitStore.swift */; };
		C73DAF37255D0CDD00020D38 /* AppDelegate.swift in Sources */ = {isa = PBXBuildFile; fileRef = C73DAF36255D0CDD00020D38 /* AppDelegate.swift */; };
		C73DAF39255D0CDD00020D38 /* SceneDelegate.swift in Sources */ = {isa = PBXBuildFile; fileRef = C73DAF38255D0CDD00020D38 /* SceneDelegate.swift */; };
		C73DAF3B255D0CDD00020D38 /* JuiceMakerViewController.swift in Sources */ = {isa = PBXBuildFile; fileRef = C73DAF3A255D0CDD00020D38 /* JuiceMakerViewController.swift */; };
		C73DAF3E255D0CDD00020D38 /* Main.storyboard in Resources */ = {isa = PBXBuildFile; fileRef = C73DAF3C255D0CDD00020D38 /* Main.storyboard */; };
		C73DAF40255D0CDE00020D38 /* Assets.xcassets in Resources */ = {isa = PBXBuildFile; fileRef = C73DAF3F255D0CDE00020D38 /* Assets.xcassets */; };
		C73DAF43255D0CDF00020D38 /* LaunchScreen.storyboard in Resources */ = {isa = PBXBuildFile; fileRef = C73DAF41255D0CDF00020D38 /* LaunchScreen.storyboard */; };
		C73DAF4C255D0D0400020D38 /* JuiceMaker.swift in Sources */ = {isa = PBXBuildFile; fileRef = C73DAF4B255D0D0400020D38 /* JuiceMaker.swift */; };
		F426214F2B1DBEE800C6423A /* Fruit.swift in Sources */ = {isa = PBXBuildFile; fileRef = F426214E2B1DBEE800C6423A /* Fruit.swift */; };
		F42621512B1DBEFD00C6423A /* FruitStock.swift in Sources */ = {isa = PBXBuildFile; fileRef = F42621502B1DBEFD00C6423A /* FruitStock.swift */; };
		F42621532B1DBF2E00C6423A /* JuiceMakerError.swift in Sources */ = {isa = PBXBuildFile; fileRef = F42621522B1DBF2E00C6423A /* JuiceMakerError.swift */; };
		F42621552B1DBF3F00C6423A /* JuiceFlavor.swift in Sources */ = {isa = PBXBuildFile; fileRef = F42621542B1DBF3F00C6423A /* JuiceFlavor.swift */; };
		F436B6D42B232EC40045F0C8 /* StockDisplayModel.swift in Sources */ = {isa = PBXBuildFile; fileRef = F436B6D32B232EC40045F0C8 /* StockDisplayModel.swift */; };
		F436B6D62B2330080045F0C8 /* StockDisplay.swift in Sources */ = {isa = PBXBuildFile; fileRef = F436B6D52B2330080045F0C8 /* StockDisplay.swift */; };
		F436B6D82B2337D50045F0C8 /* StockDisplayResultConvertable.swift in Sources */ = {isa = PBXBuildFile; fileRef = F436B6D72B2337D50045F0C8 /* StockDisplayResultConvertable.swift */; };
		F436B6DB2B2338810045F0C8 /* StockDisplayResultDisplayable.swift in Sources */ = {isa = PBXBuildFile; fileRef = F436B6DA2B2338810045F0C8 /* StockDisplayResultDisplayable.swift */; };
		F436B6DE2B2344FA0045F0C8 /* JuiceMakerModel.swift in Sources */ = {isa = PBXBuildFile; fileRef = F436B6DD2B2344FA0045F0C8 /* JuiceMakerModel.swift */; };
		F436B6E02B23473C0045F0C8 /* JuiceMakerResultConvertable.swift in Sources */ = {isa = PBXBuildFile; fileRef = F436B6DF2B23473C0045F0C8 /* JuiceMakerResultConvertable.swift */; };
		F436B6E22B2348460045F0C8 /* JuiceMakerResultDisplayable.swift in Sources */ = {isa = PBXBuildFile; fileRef = F436B6E12B2348460045F0C8 /* JuiceMakerResultDisplayable.swift */; };
		F436B6EA2B26A6F70045F0C8 /* StockManagerViewController.swift in Sources */ = {isa = PBXBuildFile; fileRef = F436B6E92B26A6F70045F0C8 /* StockManagerViewController.swift */; };
		F436B6EC2B26A7D70045F0C8 /* StoryboardIdentifiable.swift in Sources */ = {isa = PBXBuildFile; fileRef = F436B6EB2B26A7D70045F0C8 /* StoryboardIdentifiable.swift */; };
		F436B6EE2B26AA7E0045F0C8 /* JuiceMakerRoutable.swift in Sources */ = {isa = PBXBuildFile; fileRef = F436B6ED2B26AA7E0045F0C8 /* JuiceMakerRoutable.swift */; };
		F436B6F62B26FED00045F0C8 /* JuiceMakerAlert.swift in Sources */ = {isa = PBXBuildFile; fileRef = F436B6F52B26FED00045F0C8 /* JuiceMakerAlert.swift */; };
		F4559DB72B2C39C6005A707A /* StockModifier.swift in Sources */ = {isa = PBXBuildFile; fileRef = F4559DB62B2C39C6005A707A /* StockModifier.swift */; };
		F4559DB92B2C4C97005A707A /* StockModifierModel.swift in Sources */ = {isa = PBXBuildFile; fileRef = F4559DB82B2C4C97005A707A /* StockModifierModel.swift */; };
		F4559DBB2B2C4CA6005A707A /* StockModifierResultConvertable.swift in Sources */ = {isa = PBXBuildFile; fileRef = F4559DBA2B2C4CA6005A707A /* StockModifierResultConvertable.swift */; };
		F4559DBD2B2D5305005A707A /* StockModifierResultDisplayable.swift in Sources */ = {isa = PBXBuildFile; fileRef = F4559DBC2B2D5305005A707A /* StockModifierResultDisplayable.swift */; };
/* End PBXBuildFile section */

/* Begin PBXFileReference section */
		C71CD66A266C7ACB0038B9CB /* FruitStore.swift */ = {isa = PBXFileReference; lastKnownFileType = sourcecode.swift; path = FruitStore.swift; sourceTree = "<group>"; };
		C73DAF33255D0CDD00020D38 /* JuiceMaker.app */ = {isa = PBXFileReference; explicitFileType = wrapper.application; includeInIndex = 0; path = JuiceMaker.app; sourceTree = BUILT_PRODUCTS_DIR; };
		C73DAF36255D0CDD00020D38 /* AppDelegate.swift */ = {isa = PBXFileReference; lastKnownFileType = sourcecode.swift; path = AppDelegate.swift; sourceTree = "<group>"; };
		C73DAF38255D0CDD00020D38 /* SceneDelegate.swift */ = {isa = PBXFileReference; lastKnownFileType = sourcecode.swift; path = SceneDelegate.swift; sourceTree = "<group>"; };
		C73DAF3A255D0CDD00020D38 /* JuiceMakerViewController.swift */ = {isa = PBXFileReference; lastKnownFileType = sourcecode.swift; path = JuiceMakerViewController.swift; sourceTree = "<group>"; };
		C73DAF3D255D0CDD00020D38 /* Base */ = {isa = PBXFileReference; lastKnownFileType = file.storyboard; name = Base; path = Base.lproj/Main.storyboard; sourceTree = "<group>"; };
		C73DAF3F255D0CDE00020D38 /* Assets.xcassets */ = {isa = PBXFileReference; lastKnownFileType = folder.assetcatalog; path = Assets.xcassets; sourceTree = "<group>"; };
		C73DAF42255D0CDF00020D38 /* Base */ = {isa = PBXFileReference; lastKnownFileType = file.storyboard; name = Base; path = Base.lproj/LaunchScreen.storyboard; sourceTree = "<group>"; };
		C73DAF44255D0CDF00020D38 /* Info.plist */ = {isa = PBXFileReference; lastKnownFileType = text.plist.xml; path = Info.plist; sourceTree = "<group>"; };
		C73DAF4B255D0D0400020D38 /* JuiceMaker.swift */ = {isa = PBXFileReference; lastKnownFileType = sourcecode.swift; path = JuiceMaker.swift; sourceTree = "<group>"; };
		F426214E2B1DBEE800C6423A /* Fruit.swift */ = {isa = PBXFileReference; lastKnownFileType = sourcecode.swift; path = Fruit.swift; sourceTree = "<group>"; };
		F42621502B1DBEFD00C6423A /* FruitStock.swift */ = {isa = PBXFileReference; lastKnownFileType = sourcecode.swift; path = FruitStock.swift; sourceTree = "<group>"; };
		F42621522B1DBF2E00C6423A /* JuiceMakerError.swift */ = {isa = PBXFileReference; lastKnownFileType = sourcecode.swift; path = JuiceMakerError.swift; sourceTree = "<group>"; };
		F42621542B1DBF3F00C6423A /* JuiceFlavor.swift */ = {isa = PBXFileReference; lastKnownFileType = sourcecode.swift; path = JuiceFlavor.swift; sourceTree = "<group>"; };
		F436B6D32B232EC40045F0C8 /* StockDisplayModel.swift */ = {isa = PBXFileReference; lastKnownFileType = sourcecode.swift; path = StockDisplayModel.swift; sourceTree = "<group>"; };
		F436B6D52B2330080045F0C8 /* StockDisplay.swift */ = {isa = PBXFileReference; lastKnownFileType = sourcecode.swift; path = StockDisplay.swift; sourceTree = "<group>"; };
		F436B6D72B2337D50045F0C8 /* StockDisplayResultConvertable.swift */ = {isa = PBXFileReference; lastKnownFileType = sourcecode.swift; path = StockDisplayResultConvertable.swift; sourceTree = "<group>"; };
		F436B6DA2B2338810045F0C8 /* StockDisplayResultDisplayable.swift */ = {isa = PBXFileReference; lastKnownFileType = sourcecode.swift; path = StockDisplayResultDisplayable.swift; sourceTree = "<group>"; };
		F436B6DD2B2344FA0045F0C8 /* JuiceMakerModel.swift */ = {isa = PBXFileReference; lastKnownFileType = sourcecode.swift; path = JuiceMakerModel.swift; sourceTree = "<group>"; };
		F436B6DF2B23473C0045F0C8 /* JuiceMakerResultConvertable.swift */ = {isa = PBXFileReference; lastKnownFileType = sourcecode.swift; path = JuiceMakerResultConvertable.swift; sourceTree = "<group>"; };
		F436B6E12B2348460045F0C8 /* JuiceMakerResultDisplayable.swift */ = {isa = PBXFileReference; lastKnownFileType = sourcecode.swift; path = JuiceMakerResultDisplayable.swift; sourceTree = "<group>"; };
		F436B6E92B26A6F70045F0C8 /* StockManagerViewController.swift */ = {isa = PBXFileReference; lastKnownFileType = sourcecode.swift; path = StockManagerViewController.swift; sourceTree = "<group>"; };
		F436B6EB2B26A7D70045F0C8 /* StoryboardIdentifiable.swift */ = {isa = PBXFileReference; lastKnownFileType = sourcecode.swift; path = StoryboardIdentifiable.swift; sourceTree = "<group>"; };
		F436B6ED2B26AA7E0045F0C8 /* JuiceMakerRoutable.swift */ = {isa = PBXFileReference; lastKnownFileType = sourcecode.swift; path = JuiceMakerRoutable.swift; sourceTree = "<group>"; };
		F436B6F52B26FED00045F0C8 /* JuiceMakerAlert.swift */ = {isa = PBXFileReference; lastKnownFileType = sourcecode.swift; path = JuiceMakerAlert.swift; sourceTree = "<group>"; };
		F4559DB62B2C39C6005A707A /* StockModifier.swift */ = {isa = PBXFileReference; lastKnownFileType = sourcecode.swift; path = StockModifier.swift; sourceTree = "<group>"; };
		F4559DB82B2C4C97005A707A /* StockModifierModel.swift */ = {isa = PBXFileReference; lastKnownFileType = sourcecode.swift; path = StockModifierModel.swift; sourceTree = "<group>"; };
		F4559DBA2B2C4CA6005A707A /* StockModifierResultConvertable.swift */ = {isa = PBXFileReference; lastKnownFileType = sourcecode.swift; path = StockModifierResultConvertable.swift; sourceTree = "<group>"; };
		F4559DBC2B2D5305005A707A /* StockModifierResultDisplayable.swift */ = {isa = PBXFileReference; lastKnownFileType = sourcecode.swift; path = StockModifierResultDisplayable.swift; sourceTree = "<group>"; };
/* End PBXFileReference section */

/* Begin PBXFrameworksBuildPhase section */
		C73DAF30255D0CDC00020D38 /* Frameworks */ = {
			isa = PBXFrameworksBuildPhase;
			buildActionMask = 2147483647;
			files = (
			);
			runOnlyForDeploymentPostprocessing = 0;
		};
/* End PBXFrameworksBuildPhase section */

/* Begin PBXGroup section */
		C71CD66D266C7B470038B9CB /* Controller */ = {
			isa = PBXGroup;
			children = (
				C73DAF3A255D0CDD00020D38 /* JuiceMakerViewController.swift */,
				F436B6E92B26A6F70045F0C8 /* StockManagerViewController.swift */,
			);
			path = Controller;
			sourceTree = "<group>";
		};
		C71CD66F266C7B500038B9CB /* Model */ = {
			isa = PBXGroup;
			children = (
				F426214E2B1DBEE800C6423A /* Fruit.swift */,
				F42621502B1DBEFD00C6423A /* FruitStock.swift */,
				C71CD66A266C7ACB0038B9CB /* FruitStore.swift */,
				F42621542B1DBF3F00C6423A /* JuiceFlavor.swift */,
			);
			path = Model;
			sourceTree = "<group>";
		};
		C71CD671266C7B570038B9CB /* View */ = {
			isa = PBXGroup;
			children = (
				C73DAF3C255D0CDD00020D38 /* Main.storyboard */,
				C73DAF3F255D0CDE00020D38 /* Assets.xcassets */,
				C73DAF41255D0CDF00020D38 /* LaunchScreen.storyboard */,
			);
			path = View;
			sourceTree = "<group>";
		};
		C73DAF2A255D0CDC00020D38 = {
			isa = PBXGroup;
			children = (
				C73DAF35255D0CDD00020D38 /* JuiceMaker */,
				C73DAF34255D0CDD00020D38 /* Products */,
			);
			sourceTree = "<group>";
		};
		C73DAF34255D0CDD00020D38 /* Products */ = {
			isa = PBXGroup;
			children = (
				C73DAF33255D0CDD00020D38 /* JuiceMaker.app */,
			);
			name = Products;
			sourceTree = "<group>";
		};
		C73DAF35255D0CDD00020D38 /* JuiceMaker */ = {
			isa = PBXGroup;
			children = (
				F436B6F02B26C1750045F0C8 /* Common */,
				F436B6F12B26C19A0045F0C8 /* App */,
				F436B6EF2B26C0E20045F0C8 /* UseCase */,
				C71CD66F266C7B500038B9CB /* Model */,
				C71CD671266C7B570038B9CB /* View */,
				C71CD66D266C7B470038B9CB /* Controller */,
				C73DAF44255D0CDF00020D38 /* Info.plist */,
			);
			path = JuiceMaker;
			sourceTree = "<group>";
		};
		F436B6D92B2338060045F0C8 /* StockDisplay */ = {
			isa = PBXGroup;
			children = (
				F436B6D32B232EC40045F0C8 /* StockDisplayModel.swift */,
				F436B6D52B2330080045F0C8 /* StockDisplay.swift */,
				F436B6D72B2337D50045F0C8 /* StockDisplayResultConvertable.swift */,
				F436B6DA2B2338810045F0C8 /* StockDisplayResultDisplayable.swift */,
			);
			path = StockDisplay;
			sourceTree = "<group>";
		};
		F436B6DC2B23449A0045F0C8 /* JuiceMaking */ = {
			isa = PBXGroup;
			children = (
				F436B6DD2B2344FA0045F0C8 /* JuiceMakerModel.swift */,
				C73DAF4B255D0D0400020D38 /* JuiceMaker.swift */,
				F436B6DF2B23473C0045F0C8 /* JuiceMakerResultConvertable.swift */,
				F436B6E12B2348460045F0C8 /* JuiceMakerResultDisplayable.swift */,
			);
			path = JuiceMaking;
			sourceTree = "<group>";
		};
		F436B6EF2B26C0E20045F0C8 /* UseCase */ = {
			isa = PBXGroup;
			children = (
				F436B6DC2B23449A0045F0C8 /* JuiceMaking */,
				F436B6D92B2338060045F0C8 /* StockDisplay */,
				F436B6F22B26C1D10045F0C8 /* Router */,
				F4B6BCDB2B31798B0020A6C0 /* StockModifier */,
			);
			path = UseCase;
			sourceTree = "<group>";
		};
		F436B6F02B26C1750045F0C8 /* Common */ = {
			isa = PBXGroup;
			children = (
				F436B6EB2B26A7D70045F0C8 /* StoryboardIdentifiable.swift */,
				F42621522B1DBF2E00C6423A /* JuiceMakerError.swift */,
				F436B6F52B26FED00045F0C8 /* JuiceMakerAlert.swift */,
			);
			path = Common;
			sourceTree = "<group>";
		};
		F436B6F12B26C19A0045F0C8 /* App */ = {
			isa = PBXGroup;
			children = (
				C73DAF36255D0CDD00020D38 /* AppDelegate.swift */,
				C73DAF38255D0CDD00020D38 /* SceneDelegate.swift */,
			);
			path = App;
			sourceTree = "<group>";
		};
		F436B6F22B26C1D10045F0C8 /* Router */ = {
			isa = PBXGroup;
			children = (
				F436B6ED2B26AA7E0045F0C8 /* JuiceMakerRoutable.swift */,
			);
			path = Router;
			sourceTree = "<group>";
		};
		F4B6BCDB2B31798B0020A6C0 /* StockModifier */ = {
			isa = PBXGroup;
			children = (
				F4559DB62B2C39C6005A707A /* StockModifier.swift */,
				F4559DB82B2C4C97005A707A /* StockModifierModel.swift */,
				F4559DBA2B2C4CA6005A707A /* StockModifierResultConvertable.swift */,
				F4559DBC2B2D5305005A707A /* StockModifierResultDisplayable.swift */,
			);
			path = StockModifier;
			sourceTree = "<group>";
		};
/* End PBXGroup section */

/* Begin PBXNativeTarget section */
		C73DAF32255D0CDC00020D38 /* JuiceMaker */ = {
			isa = PBXNativeTarget;
			buildConfigurationList = C73DAF47255D0CDF00020D38 /* Build configuration list for PBXNativeTarget "JuiceMaker" */;
			buildPhases = (
				C73DAF2F255D0CDC00020D38 /* Sources */,
				C73DAF30255D0CDC00020D38 /* Frameworks */,
				C73DAF31255D0CDC00020D38 /* Resources */,
			);
			buildRules = (
			);
			dependencies = (
			);
			name = JuiceMaker;
			productName = JuiceMaker;
			productReference = C73DAF33255D0CDD00020D38 /* JuiceMaker.app */;
			productType = "com.apple.product-type.application";
		};
/* End PBXNativeTarget section */

/* Begin PBXProject section */
		C73DAF2B255D0CDC00020D38 /* Project object */ = {
			isa = PBXProject;
			attributes = {
				LastSwiftUpdateCheck = 1200;
				LastUpgradeCheck = 1200;
				TargetAttributes = {
					C73DAF32255D0CDC00020D38 = {
						CreatedOnToolsVersion = 12.0;
					};
				};
			};
			buildConfigurationList = C73DAF2E255D0CDC00020D38 /* Build configuration list for PBXProject "JuiceMaker" */;
			compatibilityVersion = "Xcode 9.3";
			developmentRegion = en;
			hasScannedForEncodings = 0;
			knownRegions = (
				en,
				Base,
			);
			mainGroup = C73DAF2A255D0CDC00020D38;
			productRefGroup = C73DAF34255D0CDD00020D38 /* Products */;
			projectDirPath = "";
			projectRoot = "";
			targets = (
				C73DAF32255D0CDC00020D38 /* JuiceMaker */,
			);
		};
/* End PBXProject section */

/* Begin PBXResourcesBuildPhase section */
		C73DAF31255D0CDC00020D38 /* Resources */ = {
			isa = PBXResourcesBuildPhase;
			buildActionMask = 2147483647;
			files = (
				C73DAF43255D0CDF00020D38 /* LaunchScreen.storyboard in Resources */,
				C73DAF40255D0CDE00020D38 /* Assets.xcassets in Resources */,
				C73DAF3E255D0CDD00020D38 /* Main.storyboard in Resources */,
			);
			runOnlyForDeploymentPostprocessing = 0;
		};
/* End PBXResourcesBuildPhase section */

/* Begin PBXSourcesBuildPhase section */
		C73DAF2F255D0CDC00020D38 /* Sources */ = {
			isa = PBXSourcesBuildPhase;
			buildActionMask = 2147483647;
			files = (
				F436B6D82B2337D50045F0C8 /* StockDisplayResultConvertable.swift in Sources */,
				F4559DB72B2C39C6005A707A /* StockModifier.swift in Sources */,
				F4559DBB2B2C4CA6005A707A /* StockModifierResultConvertable.swift in Sources */,
				F436B6DE2B2344FA0045F0C8 /* JuiceMakerModel.swift in Sources */,
				C71CD66B266C7ACB0038B9CB /* FruitStore.swift in Sources */,
				F436B6EC2B26A7D70045F0C8 /* StoryboardIdentifiable.swift in Sources */,
				F436B6F62B26FED00045F0C8 /* JuiceMakerAlert.swift in Sources */,
				F436B6D62B2330080045F0C8 /* StockDisplay.swift in Sources */,
				C73DAF3B255D0CDD00020D38 /* JuiceMakerViewController.swift in Sources */,
				F42621552B1DBF3F00C6423A /* JuiceFlavor.swift in Sources */,
				F42621532B1DBF2E00C6423A /* JuiceMakerError.swift in Sources */,
				F4559DBD2B2D5305005A707A /* StockModifierResultDisplayable.swift in Sources */,
				F42621512B1DBEFD00C6423A /* FruitStock.swift in Sources */,
				F4559DB92B2C4C97005A707A /* StockModifierModel.swift in Sources */,
				F426214F2B1DBEE800C6423A /* Fruit.swift in Sources */,
				F436B6EE2B26AA7E0045F0C8 /* JuiceMakerRoutable.swift in Sources */,
				C73DAF37255D0CDD00020D38 /* AppDelegate.swift in Sources */,
				C73DAF39255D0CDD00020D38 /* SceneDelegate.swift in Sources */,
				F436B6EA2B26A6F70045F0C8 /* StockManagerViewController.swift in Sources */,
				C73DAF4C255D0D0400020D38 /* JuiceMaker.swift in Sources */,
				F436B6DB2B2338810045F0C8 /* StockDisplayResultDisplayable.swift in Sources */,
				F436B6E02B23473C0045F0C8 /* JuiceMakerResultConvertable.swift in Sources */,
				F436B6D42B232EC40045F0C8 /* StockDisplayModel.swift in Sources */,
				F436B6E22B2348460045F0C8 /* JuiceMakerResultDisplayable.swift in Sources */,
			);
			runOnlyForDeploymentPostprocessing = 0;
		};
/* End PBXSourcesBuildPhase section */

/* Begin PBXVariantGroup section */
		C73DAF3C255D0CDD00020D38 /* Main.storyboard */ = {
			isa = PBXVariantGroup;
			children = (
				C73DAF3D255D0CDD00020D38 /* Base */,
			);
			name = Main.storyboard;
			sourceTree = "<group>";
		};
		C73DAF41255D0CDF00020D38 /* LaunchScreen.storyboard */ = {
			isa = PBXVariantGroup;
			children = (
				C73DAF42255D0CDF00020D38 /* Base */,
			);
			name = LaunchScreen.storyboard;
			sourceTree = "<group>";
		};
/* End PBXVariantGroup section */

/* Begin XCBuildConfiguration section */
		C73DAF45255D0CDF00020D38 /* Debug */ = {
			isa = XCBuildConfiguration;
			buildSettings = {
				ALWAYS_SEARCH_USER_PATHS = NO;
				CLANG_ANALYZER_NONNULL = YES;
				CLANG_ANALYZER_NUMBER_OBJECT_CONVERSION = YES_AGGRESSIVE;
				CLANG_CXX_LANGUAGE_STANDARD = "gnu++14";
				CLANG_CXX_LIBRARY = "libc++";
				CLANG_ENABLE_MODULES = YES;
				CLANG_ENABLE_OBJC_ARC = YES;
				CLANG_ENABLE_OBJC_WEAK = YES;
				CLANG_WARN_BLOCK_CAPTURE_AUTORELEASING = YES;
				CLANG_WARN_BOOL_CONVERSION = YES;
				CLANG_WARN_COMMA = YES;
				CLANG_WARN_CONSTANT_CONVERSION = YES;
				CLANG_WARN_DEPRECATED_OBJC_IMPLEMENTATIONS = YES;
				CLANG_WARN_DIRECT_OBJC_ISA_USAGE = YES_ERROR;
				CLANG_WARN_DOCUMENTATION_COMMENTS = YES;
				CLANG_WARN_EMPTY_BODY = YES;
				CLANG_WARN_ENUM_CONVERSION = YES;
				CLANG_WARN_INFINITE_RECURSION = YES;
				CLANG_WARN_INT_CONVERSION = YES;
				CLANG_WARN_NON_LITERAL_NULL_CONVERSION = YES;
				CLANG_WARN_OBJC_IMPLICIT_RETAIN_SELF = YES;
				CLANG_WARN_OBJC_LITERAL_CONVERSION = YES;
				CLANG_WARN_OBJC_ROOT_CLASS = YES_ERROR;
				CLANG_WARN_QUOTED_INCLUDE_IN_FRAMEWORK_HEADER = YES;
				CLANG_WARN_RANGE_LOOP_ANALYSIS = YES;
				CLANG_WARN_STRICT_PROTOTYPES = YES;
				CLANG_WARN_SUSPICIOUS_MOVE = YES;
				CLANG_WARN_UNGUARDED_AVAILABILITY = YES_AGGRESSIVE;
				CLANG_WARN_UNREACHABLE_CODE = YES;
				CLANG_WARN__DUPLICATE_METHOD_MATCH = YES;
				COPY_PHASE_STRIP = NO;
				DEBUG_INFORMATION_FORMAT = dwarf;
				ENABLE_STRICT_OBJC_MSGSEND = YES;
				ENABLE_TESTABILITY = YES;
				GCC_C_LANGUAGE_STANDARD = gnu11;
				GCC_DYNAMIC_NO_PIC = NO;
				GCC_NO_COMMON_BLOCKS = YES;
				GCC_OPTIMIZATION_LEVEL = 0;
				GCC_PREPROCESSOR_DEFINITIONS = (
					"DEBUG=1",
					"$(inherited)",
				);
				GCC_WARN_64_TO_32_BIT_CONVERSION = YES;
				GCC_WARN_ABOUT_RETURN_TYPE = YES_ERROR;
				GCC_WARN_UNDECLARED_SELECTOR = YES;
				GCC_WARN_UNINITIALIZED_AUTOS = YES_AGGRESSIVE;
				GCC_WARN_UNUSED_FUNCTION = YES;
				GCC_WARN_UNUSED_VARIABLE = YES;
				INFOPLIST_KEY_UIMainStoryboardFile = "";
				IPHONEOS_DEPLOYMENT_TARGET = 14.0;
				MTL_ENABLE_DEBUG_INFO = INCLUDE_SOURCE;
				MTL_FAST_MATH = YES;
				ONLY_ACTIVE_ARCH = YES;
				SDKROOT = iphoneos;
				SWIFT_ACTIVE_COMPILATION_CONDITIONS = DEBUG;
				SWIFT_OPTIMIZATION_LEVEL = "-Onone";
			};
			name = Debug;
		};
		C73DAF46255D0CDF00020D38 /* Release */ = {
			isa = XCBuildConfiguration;
			buildSettings = {
				ALWAYS_SEARCH_USER_PATHS = NO;
				CLANG_ANALYZER_NONNULL = YES;
				CLANG_ANALYZER_NUMBER_OBJECT_CONVERSION = YES_AGGRESSIVE;
				CLANG_CXX_LANGUAGE_STANDARD = "gnu++14";
				CLANG_CXX_LIBRARY = "libc++";
				CLANG_ENABLE_MODULES = YES;
				CLANG_ENABLE_OBJC_ARC = YES;
				CLANG_ENABLE_OBJC_WEAK = YES;
				CLANG_WARN_BLOCK_CAPTURE_AUTORELEASING = YES;
				CLANG_WARN_BOOL_CONVERSION = YES;
				CLANG_WARN_COMMA = YES;
				CLANG_WARN_CONSTANT_CONVERSION = YES;
				CLANG_WARN_DEPRECATED_OBJC_IMPLEMENTATIONS = YES;
				CLANG_WARN_DIRECT_OBJC_ISA_USAGE = YES_ERROR;
				CLANG_WARN_DOCUMENTATION_COMMENTS = YES;
				CLANG_WARN_EMPTY_BODY = YES;
				CLANG_WARN_ENUM_CONVERSION = YES;
				CLANG_WARN_INFINITE_RECURSION = YES;
				CLANG_WARN_INT_CONVERSION = YES;
				CLANG_WARN_NON_LITERAL_NULL_CONVERSION = YES;
				CLANG_WARN_OBJC_IMPLICIT_RETAIN_SELF = YES;
				CLANG_WARN_OBJC_LITERAL_CONVERSION = YES;
				CLANG_WARN_OBJC_ROOT_CLASS = YES_ERROR;
				CLANG_WARN_QUOTED_INCLUDE_IN_FRAMEWORK_HEADER = YES;
				CLANG_WARN_RANGE_LOOP_ANALYSIS = YES;
				CLANG_WARN_STRICT_PROTOTYPES = YES;
				CLANG_WARN_SUSPICIOUS_MOVE = YES;
				CLANG_WARN_UNGUARDED_AVAILABILITY = YES_AGGRESSIVE;
				CLANG_WARN_UNREACHABLE_CODE = YES;
				CLANG_WARN__DUPLICATE_METHOD_MATCH = YES;
				COPY_PHASE_STRIP = NO;
				DEBUG_INFORMATION_FORMAT = "dwarf-with-dsym";
				ENABLE_NS_ASSERTIONS = NO;
				ENABLE_STRICT_OBJC_MSGSEND = YES;
				GCC_C_LANGUAGE_STANDARD = gnu11;
				GCC_NO_COMMON_BLOCKS = YES;
				GCC_WARN_64_TO_32_BIT_CONVERSION = YES;
				GCC_WARN_ABOUT_RETURN_TYPE = YES_ERROR;
				GCC_WARN_UNDECLARED_SELECTOR = YES;
				GCC_WARN_UNINITIALIZED_AUTOS = YES_AGGRESSIVE;
				GCC_WARN_UNUSED_FUNCTION = YES;
				GCC_WARN_UNUSED_VARIABLE = YES;
				INFOPLIST_KEY_UIMainStoryboardFile = "";
				IPHONEOS_DEPLOYMENT_TARGET = 14.0;
				MTL_ENABLE_DEBUG_INFO = NO;
				MTL_FAST_MATH = YES;
				SDKROOT = iphoneos;
				SWIFT_COMPILATION_MODE = wholemodule;
				SWIFT_OPTIMIZATION_LEVEL = "-O";
				VALIDATE_PRODUCT = YES;
			};
			name = Release;
		};
		C73DAF48255D0CDF00020D38 /* Debug */ = {
			isa = XCBuildConfiguration;
			buildSettings = {
				ASSETCATALOG_COMPILER_APPICON_NAME = AppIcon;
				ASSETCATALOG_COMPILER_GLOBAL_ACCENT_COLOR_NAME = AccentColor;
				CODE_SIGN_STYLE = Automatic;
				INFOPLIST_FILE = JuiceMaker/Info.plist;
				LD_RUNPATH_SEARCH_PATHS = (
					"$(inherited)",
					"@executable_path/Frameworks",
				);
				PRODUCT_BUNDLE_IDENTIFIER = net.yagom.JuiceMaker;
				PRODUCT_NAME = "$(TARGET_NAME)";
				SWIFT_VERSION = 5.0;
				TARGETED_DEVICE_FAMILY = 1;
			};
			name = Debug;
		};
		C73DAF49255D0CDF00020D38 /* Release */ = {
			isa = XCBuildConfiguration;
			buildSettings = {
				ASSETCATALOG_COMPILER_APPICON_NAME = AppIcon;
				ASSETCATALOG_COMPILER_GLOBAL_ACCENT_COLOR_NAME = AccentColor;
				CODE_SIGN_STYLE = Automatic;
				INFOPLIST_FILE = JuiceMaker/Info.plist;
				LD_RUNPATH_SEARCH_PATHS = (
					"$(inherited)",
					"@executable_path/Frameworks",
				);
				PRODUCT_BUNDLE_IDENTIFIER = net.yagom.JuiceMaker;
				PRODUCT_NAME = "$(TARGET_NAME)";
				SWIFT_VERSION = 5.0;
				TARGETED_DEVICE_FAMILY = 1;
			};
			name = Release;
		};
/* End XCBuildConfiguration section */

/* Begin XCConfigurationList section */
		C73DAF2E255D0CDC00020D38 /* Build configuration list for PBXProject "JuiceMaker" */ = {
			isa = XCConfigurationList;
			buildConfigurations = (
				C73DAF45255D0CDF00020D38 /* Debug */,
				C73DAF46255D0CDF00020D38 /* Release */,
			);
			defaultConfigurationIsVisible = 0;
			defaultConfigurationName = Release;
		};
		C73DAF47255D0CDF00020D38 /* Build configuration list for PBXNativeTarget "JuiceMaker" */ = {
			isa = XCConfigurationList;
			buildConfigurations = (
				C73DAF48255D0CDF00020D38 /* Debug */,
				C73DAF49255D0CDF00020D38 /* Release */,
			);
			defaultConfigurationIsVisible = 0;
			defaultConfigurationName = Release;
		};
/* End XCConfigurationList section */
	};
	rootObject = C73DAF2B255D0CDC00020D38 /* Project object */;
}
